Microsoft Visual Studio Solution File, Format Version 12.00
# Visual Studio 15
VisualStudioVersion = 15.0.28010.2048
MinimumVisualStudioVersion = 10.0.40219.1
Project("{D954291E-2A0B-460D-934E-DC6B0785DB48}") = "Avalia_Pesquisa", "Avalia_Pesquisa\Avalia_Pesquisa.shproj", "{88B860B8-BB2E-4C5E-9907-ED6D314BC186}"
EndProject
Project("{FAE04EC0-301F-11D3-BF4B-00C04F79EFBC}") = "Avalia_Pesquisa.iOS", "iOS\Avalia_Pesquisa.iOS.csproj", "{759EADA4-13BD-41F5-AFF6-8B5D33F9A028}"
EndProject
Project("{FAE04EC0-301F-11D3-BF4B-00C04F79EFBC}") = "Avalia_Pesquisa.Droid", "Droid\Avalia_Pesquisa.Droid.csproj", "{1ACBB5E6-FAFE-49A0-B64F-CDA993B6C7F6}"
EndProject
Global
	GlobalSection(SharedMSBuildProjectFiles) = preSolution
		Avalia_Pesquisa\Avalia_Pesquisa.projitems*{1acbb5e6-fafe-49a0-b64f-cda993b6c7f6}*SharedItemsImports = 4
		Avalia_Pesquisa\Avalia_Pesquisa.projitems*{759eada4-13bd-41f5-aff6-8b5d33f9a028}*SharedItemsImports = 4
		Avalia_Pesquisa\Avalia_Pesquisa.projitems*{88b860b8-bb2e-4c5e-9907-ed6d314bc186}*SharedItemsImports = 13
	EndGlobalSection
	GlobalSection(SolutionConfigurationPlatforms) = preSolution
		Debug|Any CPU = Debug|Any CPU
		Debug|iPhone = Debug|iPhone
		Debug|iPhoneSimulator = Debug|iPhoneSimulator
		Release|Any CPU = Release|Any CPU
		Release|iPhone = Release|iPhone
		Release|iPhoneSimulator = Release|iPhoneSimulator
	EndGlobalSection
	GlobalSection(ProjectConfigurationPlatforms) = postSolution
		{759EADA4-13BD-41F5-AFF6-8B5D33F9A028}.Debug|Any CPU.ActiveCfg = Debug|iPhoneSimulator
		{759EADA4-13BD-41F5-AFF6-8B5D33F9A028}.Debug|Any CPU.Build.0 = Debug|iPhoneSimulator
		{759EADA4-13BD-41F5-AFF6-8B5D33F9A028}.Debug|iPhone.ActiveCfg = Debug|iPhone
		{759EADA4-13BD-41F5-AFF6-8B5D33F9A028}.Debug|iPhone.Build.0 = Debug|iPhone
		{759EADA4-13BD-41F5-AFF6-8B5D33F9A028}.Debug|iPhoneSimulator.ActiveCfg = Debug|iPhoneSimulator
		{759EADA4-13BD-41F5-AFF6-8B5D33F9A028}.Debug|iPhoneSimulator.Build.0 = Debug|iPhoneSimulator
		{759EADA4-13BD-41F5-AFF6-8B5D33F9A028}.Release|Any CPU.ActiveCfg = Release|iPhone
		{759EADA4-13BD-41F5-AFF6-8B5D33F9A028}.Release|Any CPU.Build.0 = Release|iPhone
		{759EADA4-13BD-41F5-AFF6-8B5D33F9A028}.Release|iPhone.ActiveCfg = Release|iPhone
		{759EADA4-13BD-41F5-AFF6-8B5D33F9A028}.Release|iPhone.Build.0 = Release|iPhone
		{759EADA4-13BD-41F5-AFF6-8B5D33F9A028}.Release|iPhoneSimulator.ActiveCfg = Release|iPhoneSimulator
		{759EADA4-13BD-41F5-AFF6-8B5D33F9A028}.Release|iPhoneSimulator.Build.0 = Release|iPhoneSimulator
		{1ACBB5E6-FAFE-49A0-B64F-CDA993B6C7F6}.Debug|Any CPU.ActiveCfg = Debug|Any CPU
		{1ACBB5E6-FAFE-49A0-B64F-CDA993B6C7F6}.Debug|Any CPU.Build.0 = Debug|Any CPU
		{1ACBB5E6-FAFE-49A0-B64F-CDA993B6C7F6}.Debug|iPhone.ActiveCfg = Debug|Any CPU
		{1ACBB5E6-FAFE-49A0-B64F-CDA993B6C7F6}.Debug|iPhone.Build.0 = Debug|Any CPU
		{1ACBB5E6-FAFE-49A0-B64F-CDA993B6C7F6}.Debug|iPhoneSimulator.ActiveCfg = Debug|Any CPU
		{1ACBB5E6-FAFE-49A0-B64F-CDA993B6C7F6}.Debug|iPhoneSimulator.Build.0 = Debug|Any CPU
		{1ACBB5E6-FAFE-49A0-B64F-CDA993B6C7F6}.Release|Any CPU.ActiveCfg = Release|Any CPU
		{1ACBB5E6-FAFE-49A0-B64F-CDA993B6C7F6}.Release|Any CPU.Build.0 = Release|Any CPU
		{1ACBB5E6-FAFE-49A0-B64F-CDA993B6C7F6}.Release|iPhone.ActiveCfg = Release|Any CPU
		{1ACBB5E6-FAFE-49A0-B64F-CDA993B6C7F6}.Release|iPhone.Build.0 = Release|Any CPU
		{1ACBB5E6-FAFE-49A0-B64F-CDA993B6C7F6}.Release|iPhoneSimulator.ActiveCfg = Release|Any CPU
		{1ACBB5E6-FAFE-49A0-B64F-CDA993B6C7F6}.Release|iPhoneSimulator.Build.0 = Release|Any CPU
	EndGlobalSection
	GlobalSection(SolutionProperties) = preSolution
		HideSolutionNode = FALSE
	EndGlobalSection
	GlobalSection(ExtensibilityGlobals) = postSolution
		SolutionGuid = {3BD0357F-16C0-4D07-8A5B-B8D587B1F5E7}
	EndGlobalSection
EndGlobal
